
Microsoft Visual Studio Solution File, Format Version 12.00
# Visual Studio Version 17
VisualStudioVersion = 17.14.36127.28
MinimumVisualStudioVersion = 10.0.40219.1
Project("{FAE04EC0-301F-11D3-BF4B-00C04F79EFBC}") = "01_Delegates", "01_Delegates\01_Delegates.csproj", "{9CC3BA07-A332-4E52-9E1E-47ABD2C05894}"
EndProject
Project("{FAE04EC0-301F-11D3-BF4B-00C04F79EFBC}") = "02_Events", "02_Events\02_Events.csproj", "{C86F43B4-B71E-4C02-B1EF-BE83B449AF14}"
EndProject
Project("{FAE04EC0-301F-11D3-BF4B-00C04F79EFBC}") = "03_ImprovedEvents", "03_ImprovedEvents\03_ImprovedEvents.csproj", "{085DA439-E9FC-44D5-9D3D-E2770B0B0C77}"
EndProject
Project("{FAE04EC0-301F-11D3-BF4B-00C04F79EFBC}") = "04_ButtonClickEvent", "04_ButtonClickEvent\04_ButtonClickEvent.csproj", "{AFEACDA9-F89F-4373-88B8-ED37CC8AD37A}"
EndProject
Project("{FAE04EC0-301F-11D3-BF4B-00C04F79EFBC}") = "05_GenericDelegates", "05_GenericDelegates\05_GenericDelegates.csproj", "{360AA910-0FF8-4832-99E7-F688D519D001}"
EndProject
Project("{FAE04EC0-301F-11D3-BF4B-00C04F79EFBC}") = "06_Arrays", "06_Arrays\06_Arrays.csproj", "{2E50438B-A6CB-47F8-86B0-1EADFC8FABBA}"
EndProject
Project("{FAE04EC0-301F-11D3-BF4B-00C04F79EFBC}") = "07_LegacyCollections", "07_LegacyCollections\07_LegacyCollections.csproj", "{D0310CA3-969E-47F3-B908-E80ADDAD58B7}"
EndProject
Project("{FAE04EC0-301F-11D3-BF4B-00C04F79EFBC}") = "08_GenericCollections", "08_GenericCollections\08_GenericCollections.csproj", "{923943C0-74B1-442B-81AC-9CD604B8352F}"
EndProject
Global
	GlobalSection(SolutionConfigurationPlatforms) = preSolution
		Debug|Any CPU = Debug|Any CPU
		Release|Any CPU = Release|Any CPU
	EndGlobalSection
	GlobalSection(ProjectConfigurationPlatforms) = postSolution
		{9CC3BA07-A332-4E52-9E1E-47ABD2C05894}.Debug|Any CPU.ActiveCfg = Debug|Any CPU
		{9CC3BA07-A332-4E52-9E1E-47ABD2C05894}.Debug|Any CPU.Build.0 = Debug|Any CPU
		{9CC3BA07-A332-4E52-9E1E-47ABD2C05894}.Release|Any CPU.ActiveCfg = Release|Any CPU
		{9CC3BA07-A332-4E52-9E1E-47ABD2C05894}.Release|Any CPU.Build.0 = Release|Any CPU
		{C86F43B4-B71E-4C02-B1EF-BE83B449AF14}.Debug|Any CPU.ActiveCfg = Debug|Any CPU
		{C86F43B4-B71E-4C02-B1EF-BE83B449AF14}.Debug|Any CPU.Build.0 = Debug|Any CPU
		{C86F43B4-B71E-4C02-B1EF-BE83B449AF14}.Release|Any CPU.ActiveCfg = Release|Any CPU
		{C86F43B4-B71E-4C02-B1EF-BE83B449AF14}.Release|Any CPU.Build.0 = Release|Any CPU
		{085DA439-E9FC-44D5-9D3D-E2770B0B0C77}.Debug|Any CPU.ActiveCfg = Debug|Any CPU
		{085DA439-E9FC-44D5-9D3D-E2770B0B0C77}.Debug|Any CPU.Build.0 = Debug|Any CPU
		{085DA439-E9FC-44D5-9D3D-E2770B0B0C77}.Release|Any CPU.ActiveCfg = Release|Any CPU
		{085DA439-E9FC-44D5-9D3D-E2770B0B0C77}.Release|Any CPU.Build.0 = Release|Any CPU
		{AFEACDA9-F89F-4373-88B8-ED37CC8AD37A}.Debug|Any CPU.ActiveCfg = Debug|Any CPU
		{AFEACDA9-F89F-4373-88B8-ED37CC8AD37A}.Debug|Any CPU.Build.0 = Debug|Any CPU
		{AFEACDA9-F89F-4373-88B8-ED37CC8AD37A}.Release|Any CPU.ActiveCfg = Release|Any CPU
		{AFEACDA9-F89F-4373-88B8-ED37CC8AD37A}.Release|Any CPU.Build.0 = Release|Any CPU
		{360AA910-0FF8-4832-99E7-F688D519D001}.Debug|Any CPU.ActiveCfg = Debug|Any CPU
		{360AA910-0FF8-4832-99E7-F688D519D001}.Debug|Any CPU.Build.0 = Debug|Any CPU
		{360AA910-0FF8-4832-99E7-F688D519D001}.Release|Any CPU.ActiveCfg = Release|Any CPU
		{360AA910-0FF8-4832-99E7-F688D519D001}.Release|Any CPU.Build.0 = Release|Any CPU
		{2E50438B-A6CB-47F8-86B0-1EADFC8FABBA}.Debug|Any CPU.ActiveCfg = Debug|Any CPU
		{2E50438B-A6CB-47F8-86B0-1EADFC8FABBA}.Debug|Any CPU.Build.0 = Debug|Any CPU
		{2E50438B-A6CB-47F8-86B0-1EADFC8FABBA}.Release|Any CPU.ActiveCfg = Release|Any CPU
		{2E50438B-A6CB-47F8-86B0-1EADFC8FABBA}.Release|Any CPU.Build.0 = Release|Any CPU
		{D0310CA3-969E-47F3-B908-E80ADDAD58B7}.Debug|Any CPU.ActiveCfg = Debug|Any CPU
		{D0310CA3-969E-47F3-B908-E80ADDAD58B7}.Debug|Any CPU.Build.0 = Debug|Any CPU
		{D0310CA3-969E-47F3-B908-E80ADDAD58B7}.Release|Any CPU.ActiveCfg = Release|Any CPU
		{D0310CA3-969E-47F3-B908-E80ADDAD58B7}.Release|Any CPU.Build.0 = Release|Any CPU
		{923943C0-74B1-442B-81AC-9CD604B8352F}.Debug|Any CPU.ActiveCfg = Debug|Any CPU
		{923943C0-74B1-442B-81AC-9CD604B8352F}.Debug|Any CPU.Build.0 = Debug|Any CPU
		{923943C0-74B1-442B-81AC-9CD604B8352F}.Release|Any CPU.ActiveCfg = Release|Any CPU
		{923943C0-74B1-442B-81AC-9CD604B8352F}.Release|Any CPU.Build.0 = Release|Any CPU
	EndGlobalSection
	GlobalSection(SolutionProperties) = preSolution
		HideSolutionNode = FALSE
	EndGlobalSection
	GlobalSection(ExtensibilityGlobals) = postSolution
		SolutionGuid = {692949C7-2C88-491C-8100-2DC2533BE199}
	EndGlobalSection
EndGlobal
