
Microsoft Visual Studio Solution File, Format Version 12.00
# Visual Studio Version 17
VisualStudioVersion = 17.14.36127.28 d17.14
MinimumVisualStudioVersion = 10.0.40219.1
Project("{FAE04EC0-301F-11D3-BF4B-00C04F79EFBC}") = "01_HelloWorld", "01_HelloWorld\01_HelloWorld.csproj", "{0C723206-1663-41AD-9BBE-A32AB1C1C1C2}"
EndProject
Project("{FAE04EC0-301F-11D3-BF4B-00C04F79EFBC}") = "02_Namespaces", "02_Namespaces\02_Namespaces.csproj", "{FEF573AE-B5B5-4CBE-9A7C-F433E295C666}"
EndProject
Project("{FAE04EC0-301F-11D3-BF4B-00C04F79EFBC}") = "03_DataTypes", "03_DataTypes\03_DataTypes.csproj", "{35C2FD1B-35A4-402E-9DEF-B9F48CE47B7A}"
EndProject
Project("{FAE04EC0-301F-11D3-BF4B-00C04F79EFBC}") = "04_StructEnum", "04_StructEnum\04_StructEnum.csproj", "{BA68B1B7-0696-4689-90FD-37F42E55C6AC}"
EndProject
Project("{FAE04EC0-301F-11D3-BF4B-00C04F79EFBC}") = "05_Boxing", "05_Boxing\05_Boxing.csproj", "{AE4FDAFD-CE84-4C72-80E1-C69FB5C757A1}"
EndProject
Project("{FAE04EC0-301F-11D3-BF4B-00C04F79EFBC}") = "06_Methods", "06_Methods\06_Methods.csproj", "{F5180DD3-DE40-4361-8D58-6536B3083A3B}"
EndProject
Project("{FAE04EC0-301F-11D3-BF4B-00C04F79EFBC}") = "07_OopInheritance", "07_OopInheritance\07_OopInheritance.csproj", "{5AC0AE21-6215-4EA5-9285-FBA99D148BCB}"
EndProject
Project("{FAE04EC0-301F-11D3-BF4B-00C04F79EFBC}") = "08_OopNew", "08_OopNew\08_OopNew.csproj", "{05C05292-2CF0-48CD-8841-080C5C7024DF}"
EndProject
Global
	GlobalSection(SolutionConfigurationPlatforms) = preSolution
		Debug|Any CPU = Debug|Any CPU
		Release|Any CPU = Release|Any CPU
	EndGlobalSection
	GlobalSection(ProjectConfigurationPlatforms) = postSolution
		{0C723206-1663-41AD-9BBE-A32AB1C1C1C2}.Debug|Any CPU.ActiveCfg = Debug|Any CPU
		{0C723206-1663-41AD-9BBE-A32AB1C1C1C2}.Debug|Any CPU.Build.0 = Debug|Any CPU
		{0C723206-1663-41AD-9BBE-A32AB1C1C1C2}.Release|Any CPU.ActiveCfg = Release|Any CPU
		{0C723206-1663-41AD-9BBE-A32AB1C1C1C2}.Release|Any CPU.Build.0 = Release|Any CPU
		{FEF573AE-B5B5-4CBE-9A7C-F433E295C666}.Debug|Any CPU.ActiveCfg = Debug|Any CPU
		{FEF573AE-B5B5-4CBE-9A7C-F433E295C666}.Debug|Any CPU.Build.0 = Debug|Any CPU
		{FEF573AE-B5B5-4CBE-9A7C-F433E295C666}.Release|Any CPU.ActiveCfg = Release|Any CPU
		{FEF573AE-B5B5-4CBE-9A7C-F433E295C666}.Release|Any CPU.Build.0 = Release|Any CPU
		{35C2FD1B-35A4-402E-9DEF-B9F48CE47B7A}.Debug|Any CPU.ActiveCfg = Debug|Any CPU
		{35C2FD1B-35A4-402E-9DEF-B9F48CE47B7A}.Debug|Any CPU.Build.0 = Debug|Any CPU
		{35C2FD1B-35A4-402E-9DEF-B9F48CE47B7A}.Release|Any CPU.ActiveCfg = Release|Any CPU
		{35C2FD1B-35A4-402E-9DEF-B9F48CE47B7A}.Release|Any CPU.Build.0 = Release|Any CPU
		{BA68B1B7-0696-4689-90FD-37F42E55C6AC}.Debug|Any CPU.ActiveCfg = Debug|Any CPU
		{BA68B1B7-0696-4689-90FD-37F42E55C6AC}.Debug|Any CPU.Build.0 = Debug|Any CPU
		{BA68B1B7-0696-4689-90FD-37F42E55C6AC}.Release|Any CPU.ActiveCfg = Release|Any CPU
		{BA68B1B7-0696-4689-90FD-37F42E55C6AC}.Release|Any CPU.Build.0 = Release|Any CPU
		{AE4FDAFD-CE84-4C72-80E1-C69FB5C757A1}.Debug|Any CPU.ActiveCfg = Debug|Any CPU
		{AE4FDAFD-CE84-4C72-80E1-C69FB5C757A1}.Debug|Any CPU.Build.0 = Debug|Any CPU
		{AE4FDAFD-CE84-4C72-80E1-C69FB5C757A1}.Release|Any CPU.ActiveCfg = Release|Any CPU
		{AE4FDAFD-CE84-4C72-80E1-C69FB5C757A1}.Release|Any CPU.Build.0 = Release|Any CPU
		{F5180DD3-DE40-4361-8D58-6536B3083A3B}.Debug|Any CPU.ActiveCfg = Debug|Any CPU
		{F5180DD3-DE40-4361-8D58-6536B3083A3B}.Debug|Any CPU.Build.0 = Debug|Any CPU
		{F5180DD3-DE40-4361-8D58-6536B3083A3B}.Release|Any CPU.ActiveCfg = Release|Any CPU
		{F5180DD3-DE40-4361-8D58-6536B3083A3B}.Release|Any CPU.Build.0 = Release|Any CPU
		{5AC0AE21-6215-4EA5-9285-FBA99D148BCB}.Debug|Any CPU.ActiveCfg = Debug|Any CPU
		{5AC0AE21-6215-4EA5-9285-FBA99D148BCB}.Debug|Any CPU.Build.0 = Debug|Any CPU
		{5AC0AE21-6215-4EA5-9285-FBA99D148BCB}.Release|Any CPU.ActiveCfg = Release|Any CPU
		{5AC0AE21-6215-4EA5-9285-FBA99D148BCB}.Release|Any CPU.Build.0 = Release|Any CPU
		{05C05292-2CF0-48CD-8841-080C5C7024DF}.Debug|Any CPU.ActiveCfg = Debug|Any CPU
		{05C05292-2CF0-48CD-8841-080C5C7024DF}.Debug|Any CPU.Build.0 = Debug|Any CPU
		{05C05292-2CF0-48CD-8841-080C5C7024DF}.Release|Any CPU.ActiveCfg = Release|Any CPU
		{05C05292-2CF0-48CD-8841-080C5C7024DF}.Release|Any CPU.Build.0 = Release|Any CPU
	EndGlobalSection
	GlobalSection(SolutionProperties) = preSolution
		HideSolutionNode = FALSE
	EndGlobalSection
	GlobalSection(ExtensibilityGlobals) = postSolution
		SolutionGuid = {60FDBC39-BA3F-450C-BAAE-D926ABF632F6}
	EndGlobalSection
EndGlobal
