
Microsoft Visual Studio Solution File, Format Version 12.00
# Visual Studio Version 17
VisualStudioVersion = 17.8.34330.188
MinimumVisualStudioVersion = 10.0.40219.1
Project("{FAE04EC0-301F-11D3-BF4B-00C04F79EFBC}") = "Demo", "Demo\Demo.csproj", "{0DCA3F53-4EFA-4D3A-9939-59AD344AE639}"
EndProject
Project("{FAE04EC0-301F-11D3-BF4B-00C04F79EFBC}") = "MathsLib", "MathsLib\MathsLib.csproj", "{40AED09A-2125-471B-9181-03DA9C96B5CF}"
EndProject
Project("{FAE04EC0-301F-11D3-BF4B-00C04F79EFBC}") = "01Demo", "01Demo\01Demo.csproj", "{F39E3D8E-76D4-4B32-8378-03DED3EBE1CD}"
EndProject
Project("{FAE04EC0-301F-11D3-BF4B-00C04F79EFBC}") = "02DemoOOP", "02DemoOOP\02DemoOOP.csproj", "{99A8E7E1-3EDB-47B0-92C6-647AC02805EE}"
EndProject
Project("{FAE04EC0-301F-11D3-BF4B-00C04F79EFBC}") = "03DemoOOP", "03DemoOOP\03DemoOOP.csproj", "{FADFE375-F64A-4B30-9CAD-EA93F5B75B21}"
EndProject
Project("{9A19103F-16F7-4668-BE54-9A1E7A4F7556}") = "04DemoOOP", "04DemoOOP\04DemoOOP.csproj", "{651332FA-E2C1-4FF4-A69E-20098E29D077}"
EndProject
Project("{FAE04EC0-301F-11D3-BF4B-00C04F79EFBC}") = "05DemoOOP", "05DemoOOP\05DemoOOP.csproj", "{F2213AC7-03FC-414C-84B1-F3B406D9D120}"
EndProject
Project("{FAE04EC0-301F-11D3-BF4B-00C04F79EFBC}") = "06DemoDelegate", "06DemoDelegate\06DemoDelegate.csproj", "{0343204D-F0A6-4682-8EF2-32C6985ECEA0}"
EndProject
Project("{FAE04EC0-301F-11D3-BF4B-00C04F79EFBC}") = "07Demo", "07Demo\07Demo.csproj", "{9D8ABAF4-3CC4-48BD-9E44-7C568ECBB874}"
EndProject
Project("{FAE04EC0-301F-11D3-BF4B-00C04F79EFBC}") = "08DemoEvents", "08DemoEvents\08DemoEvents.csproj", "{E1908330-548E-4EED-9F66-77A264D58289}"
EndProject
Project("{FAE04EC0-301F-11D3-BF4B-00C04F79EFBC}") = "09DemoEvents", "09DemoEvents\09DemoEvents.csproj", "{89F9164E-4932-4713-BB8B-080385C6D790}"
EndProject
Project("{FAE04EC0-301F-11D3-BF4B-00C04F79EFBC}") = "10DemoBasics", "10DemoBasics\10DemoBasics.csproj", "{6A60603F-5342-4693-81F8-877DA5209886}"
EndProject
Project("{9A19103F-16F7-4668-BE54-9A1E7A4F7556}") = "11DemoFileIO", "11DemoFileIO\11DemoFileIO.csproj", "{A09F9DD0-A91D-43F9-A4C5-AB904D68CE76}"
EndProject
Project("{9A19103F-16F7-4668-BE54-9A1E7A4F7556}") = "12DemoSerialization", "12DemoSerialization\12DemoSerialization.csproj", "{CC4D0F46-34F5-431E-BFA7-9138887865CD}"
EndProject
Project("{FAE04EC0-301F-11D3-BF4B-00C04F79EFBC}") = "13DemoCollection", "13DemoCollection\13DemoCollection.csproj", "{4D52DC66-BFC7-470F-A5D2-9BA96CEC03CA}"
EndProject
Project("{9A19103F-16F7-4668-BE54-9A1E7A4F7556}") = "14DemoGenerics", "14DemoGenerics\14DemoGenerics.csproj", "{87FE40AD-740B-4A80-89D6-E3CE2E3ED96A}"
EndProject
Project("{FAE04EC0-301F-11D3-BF4B-00C04F79EFBC}") = "MathLib", "MathLib\MathLib.csproj", "{67384018-0F0D-4DA2-BE52-62D68944A3F7}"
EndProject
Project("{FAE04EC0-301F-11D3-BF4B-00C04F79EFBC}") = "15DemoReflection", "15DemoReflection\15DemoReflection.csproj", "{A69E2069-8285-43F7-92B8-15298D503ADB}"
EndProject
Project("{9A19103F-16F7-4668-BE54-9A1E7A4F7556}") = "16ApnaAttributes", "16ApnaAttributes\16ApnaAttributes.csproj", "{0303D1F8-4D3B-423C-8E46-0456A2038B91}"
EndProject
Project("{9A19103F-16F7-4668-BE54-9A1E7A4F7556}") = "17DemoPOCOLib", "17DemoPOCOLib\17DemoPOCOLib.csproj", "{4E1FDA08-3633-4F24-BDBE-38F379EDFD75}"
EndProject
Project("{9A19103F-16F7-4668-BE54-9A1E7A4F7556}") = "18DemoApnaORMLikeHibernate_OR_EF", "18DemoApnaORMLikeHibernate_OR_EF\18DemoApnaORMLikeHibernate_OR_EF.csproj", "{49724A19-B87D-4451-A974-7740E94207F0}"
EndProject
Project("{9A19103F-16F7-4668-BE54-9A1E7A4F7556}") = "19Demo_C#Features", "19Demo_C#Features\19Demo_C#Features.csproj", "{7855DF88-7182-4E1D-B884-AC139A92A44C}"
EndProject
Project("{FAE04EC0-301F-11D3-BF4B-00C04F79EFBC}") = "20DemoADO", "20DemoADO\20DemoADO.csproj", "{0D563708-EE4E-45FA-B42D-1A3D128D07CC}"
EndProject
Project("{FAE04EC0-301F-11D3-BF4B-00C04F79EFBC}") = "21DemoADO", "21DemoADO\21DemoADO.csproj", "{EC0F412F-EA10-4D86-8EF2-952E2DCB4089}"
EndProject
Project("{FAE04EC0-301F-11D3-BF4B-00C04F79EFBC}") = "22DemoEF", "22DemoEF\22DemoEF.csproj", "{DB74DA38-FD94-485D-BD71-CC013E6344A5}"
EndProject
Project("{FAE04EC0-301F-11D3-BF4B-00C04F79EFBC}") = "23DemoThreads", "23DemoThreads\23DemoThreads.csproj", "{1977AF57-6AA4-45E1-9494-9427A82AC4BD}"
EndProject
Project("{9A19103F-16F7-4668-BE54-9A1E7A4F7556}") = "000DemoMVC", "000DemoMVC\000DemoMVC.csproj", "{1B9BD807-57F8-459D-ADCD-1EFC94126D76}"
EndProject
Project("{9A19103F-16F7-4668-BE54-9A1E7A4F7556}") = "001DemoMVC", "001DemoMVC\001DemoMVC.csproj", "{0B8C3F40-9B58-488E-AA72-F57DDE59CC54}"
EndProject
Project("{FAE04EC0-301F-11D3-BF4B-00C04F79EFBC}") = "WebApplication1", "WebApplication1\WebApplication1.csproj", "{209C624E-65D0-4A4D-8077-ADEB6F6754C3}"
EndProject
Global
	GlobalSection(SolutionConfigurationPlatforms) = preSolution
		Debug|Any CPU = Debug|Any CPU
		Release|Any CPU = Release|Any CPU
	EndGlobalSection
	GlobalSection(ProjectConfigurationPlatforms) = postSolution
		{0DCA3F53-4EFA-4D3A-9939-59AD344AE639}.Debug|Any CPU.ActiveCfg = Debug|Any CPU
		{0DCA3F53-4EFA-4D3A-9939-59AD344AE639}.Debug|Any CPU.Build.0 = Debug|Any CPU
		{0DCA3F53-4EFA-4D3A-9939-59AD344AE639}.Release|Any CPU.ActiveCfg = Release|Any CPU
		{0DCA3F53-4EFA-4D3A-9939-59AD344AE639}.Release|Any CPU.Build.0 = Release|Any CPU
		{40AED09A-2125-471B-9181-03DA9C96B5CF}.Debug|Any CPU.ActiveCfg = Debug|Any CPU
		{40AED09A-2125-471B-9181-03DA9C96B5CF}.Debug|Any CPU.Build.0 = Debug|Any CPU
		{40AED09A-2125-471B-9181-03DA9C96B5CF}.Release|Any CPU.ActiveCfg = Release|Any CPU
		{40AED09A-2125-471B-9181-03DA9C96B5CF}.Release|Any CPU.Build.0 = Release|Any CPU
		{F39E3D8E-76D4-4B32-8378-03DED3EBE1CD}.Debug|Any CPU.ActiveCfg = Debug|Any CPU
		{F39E3D8E-76D4-4B32-8378-03DED3EBE1CD}.Debug|Any CPU.Build.0 = Debug|Any CPU
		{F39E3D8E-76D4-4B32-8378-03DED3EBE1CD}.Release|Any CPU.ActiveCfg = Release|Any CPU
		{F39E3D8E-76D4-4B32-8378-03DED3EBE1CD}.Release|Any CPU.Build.0 = Release|Any CPU
		{99A8E7E1-3EDB-47B0-92C6-647AC02805EE}.Debug|Any CPU.ActiveCfg = Debug|Any CPU
		{99A8E7E1-3EDB-47B0-92C6-647AC02805EE}.Debug|Any CPU.Build.0 = Debug|Any CPU
		{99A8E7E1-3EDB-47B0-92C6-647AC02805EE}.Release|Any CPU.ActiveCfg = Release|Any CPU
		{99A8E7E1-3EDB-47B0-92C6-647AC02805EE}.Release|Any CPU.Build.0 = Release|Any CPU
		{FADFE375-F64A-4B30-9CAD-EA93F5B75B21}.Debug|Any CPU.ActiveCfg = Debug|Any CPU
		{FADFE375-F64A-4B30-9CAD-EA93F5B75B21}.Debug|Any CPU.Build.0 = Debug|Any CPU
		{FADFE375-F64A-4B30-9CAD-EA93F5B75B21}.Release|Any CPU.ActiveCfg = Release|Any CPU
		{FADFE375-F64A-4B30-9CAD-EA93F5B75B21}.Release|Any CPU.Build.0 = Release|Any CPU
		{651332FA-E2C1-4FF4-A69E-20098E29D077}.Debug|Any CPU.ActiveCfg = Debug|Any CPU
		{651332FA-E2C1-4FF4-A69E-20098E29D077}.Debug|Any CPU.Build.0 = Debug|Any CPU
		{651332FA-E2C1-4FF4-A69E-20098E29D077}.Release|Any CPU.ActiveCfg = Release|Any CPU
		{651332FA-E2C1-4FF4-A69E-20098E29D077}.Release|Any CPU.Build.0 = Release|Any CPU
		{F2213AC7-03FC-414C-84B1-F3B406D9D120}.Debug|Any CPU.ActiveCfg = Debug|Any CPU
		{F2213AC7-03FC-414C-84B1-F3B406D9D120}.Debug|Any CPU.Build.0 = Debug|Any CPU
		{F2213AC7-03FC-414C-84B1-F3B406D9D120}.Release|Any CPU.ActiveCfg = Release|Any CPU
		{F2213AC7-03FC-414C-84B1-F3B406D9D120}.Release|Any CPU.Build.0 = Release|Any CPU
		{0343204D-F0A6-4682-8EF2-32C6985ECEA0}.Debug|Any CPU.ActiveCfg = Debug|Any CPU
		{0343204D-F0A6-4682-8EF2-32C6985ECEA0}.Debug|Any CPU.Build.0 = Debug|Any CPU
		{0343204D-F0A6-4682-8EF2-32C6985ECEA0}.Release|Any CPU.ActiveCfg = Release|Any CPU
		{0343204D-F0A6-4682-8EF2-32C6985ECEA0}.Release|Any CPU.Build.0 = Release|Any CPU
		{9D8ABAF4-3CC4-48BD-9E44-7C568ECBB874}.Debug|Any CPU.ActiveCfg = Debug|Any CPU
		{9D8ABAF4-3CC4-48BD-9E44-7C568ECBB874}.Debug|Any CPU.Build.0 = Debug|Any CPU
		{9D8ABAF4-3CC4-48BD-9E44-7C568ECBB874}.Release|Any CPU.ActiveCfg = Release|Any CPU
		{9D8ABAF4-3CC4-48BD-9E44-7C568ECBB874}.Release|Any CPU.Build.0 = Release|Any CPU
		{E1908330-548E-4EED-9F66-77A264D58289}.Debug|Any CPU.ActiveCfg = Debug|Any CPU
		{E1908330-548E-4EED-9F66-77A264D58289}.Debug|Any CPU.Build.0 = Debug|Any CPU
		{E1908330-548E-4EED-9F66-77A264D58289}.Release|Any CPU.ActiveCfg = Release|Any CPU
		{E1908330-548E-4EED-9F66-77A264D58289}.Release|Any CPU.Build.0 = Release|Any CPU
		{89F9164E-4932-4713-BB8B-080385C6D790}.Debug|Any CPU.ActiveCfg = Debug|Any CPU
		{89F9164E-4932-4713-BB8B-080385C6D790}.Debug|Any CPU.Build.0 = Debug|Any CPU
		{89F9164E-4932-4713-BB8B-080385C6D790}.Release|Any CPU.ActiveCfg = Release|Any CPU
		{89F9164E-4932-4713-BB8B-080385C6D790}.Release|Any CPU.Build.0 = Release|Any CPU
		{6A60603F-5342-4693-81F8-877DA5209886}.Debug|Any CPU.ActiveCfg = Debug|Any CPU
		{6A60603F-5342-4693-81F8-877DA5209886}.Debug|Any CPU.Build.0 = Debug|Any CPU
		{6A60603F-5342-4693-81F8-877DA5209886}.Release|Any CPU.ActiveCfg = Release|Any CPU
		{6A60603F-5342-4693-81F8-877DA5209886}.Release|Any CPU.Build.0 = Release|Any CPU
		{A09F9DD0-A91D-43F9-A4C5-AB904D68CE76}.Debug|Any CPU.ActiveCfg = Debug|Any CPU
		{A09F9DD0-A91D-43F9-A4C5-AB904D68CE76}.Debug|Any CPU.Build.0 = Debug|Any CPU
		{A09F9DD0-A91D-43F9-A4C5-AB904D68CE76}.Release|Any CPU.ActiveCfg = Release|Any CPU
		{A09F9DD0-A91D-43F9-A4C5-AB904D68CE76}.Release|Any CPU.Build.0 = Release|Any CPU
		{CC4D0F46-34F5-431E-BFA7-9138887865CD}.Debug|Any CPU.ActiveCfg = Debug|Any CPU
		{CC4D0F46-34F5-431E-BFA7-9138887865CD}.Debug|Any CPU.Build.0 = Debug|Any CPU
		{CC4D0F46-34F5-431E-BFA7-9138887865CD}.Release|Any CPU.ActiveCfg = Release|Any CPU
		{CC4D0F46-34F5-431E-BFA7-9138887865CD}.Release|Any CPU.Build.0 = Release|Any CPU
		{4D52DC66-BFC7-470F-A5D2-9BA96CEC03CA}.Debug|Any CPU.ActiveCfg = Debug|Any CPU
		{4D52DC66-BFC7-470F-A5D2-9BA96CEC03CA}.Debug|Any CPU.Build.0 = Debug|Any CPU
		{4D52DC66-BFC7-470F-A5D2-9BA96CEC03CA}.Release|Any CPU.ActiveCfg = Release|Any CPU
		{4D52DC66-BFC7-470F-A5D2-9BA96CEC03CA}.Release|Any CPU.Build.0 = Release|Any CPU
		{87FE40AD-740B-4A80-89D6-E3CE2E3ED96A}.Debug|Any CPU.ActiveCfg = Debug|Any CPU
		{87FE40AD-740B-4A80-89D6-E3CE2E3ED96A}.Debug|Any CPU.Build.0 = Debug|Any CPU
		{87FE40AD-740B-4A80-89D6-E3CE2E3ED96A}.Release|Any CPU.ActiveCfg = Release|Any CPU
		{87FE40AD-740B-4A80-89D6-E3CE2E3ED96A}.Release|Any CPU.Build.0 = Release|Any CPU
		{67384018-0F0D-4DA2-BE52-62D68944A3F7}.Debug|Any CPU.ActiveCfg = Debug|Any CPU
		{67384018-0F0D-4DA2-BE52-62D68944A3F7}.Debug|Any CPU.Build.0 = Debug|Any CPU
		{67384018-0F0D-4DA2-BE52-62D68944A3F7}.Release|Any CPU.ActiveCfg = Release|Any CPU
		{67384018-0F0D-4DA2-BE52-62D68944A3F7}.Release|Any CPU.Build.0 = Release|Any CPU
		{A69E2069-8285-43F7-92B8-15298D503ADB}.Debug|Any CPU.ActiveCfg = Debug|Any CPU
		{A69E2069-8285-43F7-92B8-15298D503ADB}.Debug|Any CPU.Build.0 = Debug|Any CPU
		{A69E2069-8285-43F7-92B8-15298D503ADB}.Release|Any CPU.ActiveCfg = Release|Any CPU
		{A69E2069-8285-43F7-92B8-15298D503ADB}.Release|Any CPU.Build.0 = Release|Any CPU
		{0303D1F8-4D3B-423C-8E46-0456A2038B91}.Debug|Any CPU.ActiveCfg = Debug|Any CPU
		{0303D1F8-4D3B-423C-8E46-0456A2038B91}.Debug|Any CPU.Build.0 = Debug|Any CPU
		{0303D1F8-4D3B-423C-8E46-0456A2038B91}.Release|Any CPU.ActiveCfg = Release|Any CPU
		{0303D1F8-4D3B-423C-8E46-0456A2038B91}.Release|Any CPU.Build.0 = Release|Any CPU
		{4E1FDA08-3633-4F24-BDBE-38F379EDFD75}.Debug|Any CPU.ActiveCfg = Debug|Any CPU
		{4E1FDA08-3633-4F24-BDBE-38F379EDFD75}.Debug|Any CPU.Build.0 = Debug|Any CPU
		{4E1FDA08-3633-4F24-BDBE-38F379EDFD75}.Release|Any CPU.ActiveCfg = Release|Any CPU
		{4E1FDA08-3633-4F24-BDBE-38F379EDFD75}.Release|Any CPU.Build.0 = Release|Any CPU
		{49724A19-B87D-4451-A974-7740E94207F0}.Debug|Any CPU.ActiveCfg = Debug|Any CPU
		{49724A19-B87D-4451-A974-7740E94207F0}.Debug|Any CPU.Build.0 = Debug|Any CPU
		{49724A19-B87D-4451-A974-7740E94207F0}.Release|Any CPU.ActiveCfg = Release|Any CPU
		{49724A19-B87D-4451-A974-7740E94207F0}.Release|Any CPU.Build.0 = Release|Any CPU
		{7855DF88-7182-4E1D-B884-AC139A92A44C}.Debug|Any CPU.ActiveCfg = Debug|Any CPU
		{7855DF88-7182-4E1D-B884-AC139A92A44C}.Debug|Any CPU.Build.0 = Debug|Any CPU
		{7855DF88-7182-4E1D-B884-AC139A92A44C}.Release|Any CPU.ActiveCfg = Release|Any CPU
		{7855DF88-7182-4E1D-B884-AC139A92A44C}.Release|Any CPU.Build.0 = Release|Any CPU
		{0D563708-EE4E-45FA-B42D-1A3D128D07CC}.Debug|Any CPU.ActiveCfg = Debug|Any CPU
		{0D563708-EE4E-45FA-B42D-1A3D128D07CC}.Debug|Any CPU.Build.0 = Debug|Any CPU
		{0D563708-EE4E-45FA-B42D-1A3D128D07CC}.Release|Any CPU.ActiveCfg = Release|Any CPU
		{0D563708-EE4E-45FA-B42D-1A3D128D07CC}.Release|Any CPU.Build.0 = Release|Any CPU
		{EC0F412F-EA10-4D86-8EF2-952E2DCB4089}.Debug|Any CPU.ActiveCfg = Debug|Any CPU
		{EC0F412F-EA10-4D86-8EF2-952E2DCB4089}.Debug|Any CPU.Build.0 = Debug|Any CPU
		{EC0F412F-EA10-4D86-8EF2-952E2DCB4089}.Release|Any CPU.ActiveCfg = Release|Any CPU
		{EC0F412F-EA10-4D86-8EF2-952E2DCB4089}.Release|Any CPU.Build.0 = Release|Any CPU
		{DB74DA38-FD94-485D-BD71-CC013E6344A5}.Debug|Any CPU.ActiveCfg = Debug|Any CPU
		{DB74DA38-FD94-485D-BD71-CC013E6344A5}.Debug|Any CPU.Build.0 = Debug|Any CPU
		{DB74DA38-FD94-485D-BD71-CC013E6344A5}.Release|Any CPU.ActiveCfg = Release|Any CPU
		{DB74DA38-FD94-485D-BD71-CC013E6344A5}.Release|Any CPU.Build.0 = Release|Any CPU
		{1977AF57-6AA4-45E1-9494-9427A82AC4BD}.Debug|Any CPU.ActiveCfg = Debug|Any CPU
		{1977AF57-6AA4-45E1-9494-9427A82AC4BD}.Debug|Any CPU.Build.0 = Debug|Any CPU
		{1977AF57-6AA4-45E1-9494-9427A82AC4BD}.Release|Any CPU.ActiveCfg = Release|Any CPU
		{1977AF57-6AA4-45E1-9494-9427A82AC4BD}.Release|Any CPU.Build.0 = Release|Any CPU
		{1B9BD807-57F8-459D-ADCD-1EFC94126D76}.Debug|Any CPU.ActiveCfg = Debug|Any CPU
		{1B9BD807-57F8-459D-ADCD-1EFC94126D76}.Debug|Any CPU.Build.0 = Debug|Any CPU
		{1B9BD807-57F8-459D-ADCD-1EFC94126D76}.Release|Any CPU.ActiveCfg = Release|Any CPU
		{1B9BD807-57F8-459D-ADCD-1EFC94126D76}.Release|Any CPU.Build.0 = Release|Any CPU
		{0B8C3F40-9B58-488E-AA72-F57DDE59CC54}.Debug|Any CPU.ActiveCfg = Debug|Any CPU
		{0B8C3F40-9B58-488E-AA72-F57DDE59CC54}.Debug|Any CPU.Build.0 = Debug|Any CPU
		{0B8C3F40-9B58-488E-AA72-F57DDE59CC54}.Release|Any CPU.ActiveCfg = Release|Any CPU
		{0B8C3F40-9B58-488E-AA72-F57DDE59CC54}.Release|Any CPU.Build.0 = Release|Any CPU
		{209C624E-65D0-4A4D-8077-ADEB6F6754C3}.Debug|Any CPU.ActiveCfg = Debug|Any CPU
		{209C624E-65D0-4A4D-8077-ADEB6F6754C3}.Debug|Any CPU.Build.0 = Debug|Any CPU
		{209C624E-65D0-4A4D-8077-ADEB6F6754C3}.Release|Any CPU.ActiveCfg = Release|Any CPU
		{209C624E-65D0-4A4D-8077-ADEB6F6754C3}.Release|Any CPU.Build.0 = Release|Any CPU
	EndGlobalSection
	GlobalSection(SolutionProperties) = preSolution
		HideSolutionNode = FALSE
	EndGlobalSection
	GlobalSection(ExtensibilityGlobals) = postSolution
		SolutionGuid = {2AB3B336-C1EA-49C7-91E7-A6656634CF62}
	EndGlobalSection
EndGlobal
